// !$*UTF8*$!
{
	archiveVersion = 1;
	classes = {
	};
	objectVersion = 70;
	objects = {

/* Begin PBXBuildFile section */
		2D5C54542CDEC8B7002D0C0E /* Info.plist in Resources */ = {isa = PBXBuildFile; fileRef = 2D5C54502CDEC8B7002D0C0E /* Info.plist */; };
		2D5C54552CDEC8B7002D0C0E /* Preview Assets.xcassets in Resources */ = {isa = PBXBuildFile; fileRef = 2D5C544C2CDEC8B7002D0C0E /* Preview Assets.xcassets */; };
		2D5C54562CDEC8B7002D0C0E /* Assets.xcassets in Resources */ = {isa = PBXBuildFile; fileRef = 2D5C544E2CDEC8B7002D0C0E /* Assets.xcassets */; };
		2D5C54572CDEC8B7002D0C0E /* VisionHomeApp.swift in Sources */ = {isa = PBXBuildFile; fileRef = 2D5C54522CDEC8B7002D0C0E /* VisionHomeApp.swift */; };
		2D5C54582CDEC8B7002D0C0E /* ContentView.swift in Sources */ = {isa = PBXBuildFile; fileRef = 2D5C544F2CDEC8B7002D0C0E /* ContentView.swift */; };
		2D5C545A2CDEC8B7002D0C0E /* Preview Assets.xcassets in Resources */ = {isa = PBXBuildFile; fileRef = 2D5C544C2CDEC8B7002D0C0E /* Preview Assets.xcassets */; };
		2D5C545B2CDEC8B7002D0C0E /* Assets.xcassets in Resources */ = {isa = PBXBuildFile; fileRef = 2D5C544E2CDEC8B7002D0C0E /* Assets.xcassets */; };
		2D5C545C2CDEC8B7002D0C0E /* VisionHomeApp.swift in Sources */ = {isa = PBXBuildFile; fileRef = 2D5C54522CDEC8B7002D0C0E /* VisionHomeApp.swift */; };
		2D5C545D2CDEC8B7002D0C0E /* ContentView.swift in Sources */ = {isa = PBXBuildFile; fileRef = 2D5C544F2CDEC8B7002D0C0E /* ContentView.swift */; };
		2D5C545F2CDECFB8002D0C0E /* HomeStore.swift in Sources */ = {isa = PBXBuildFile; fileRef = 2D5C545E2CDECFB8002D0C0E /* HomeStore.swift */; };
		2D5C54602CDECFB8002D0C0E /* HomeStore.swift in Sources */ = {isa = PBXBuildFile; fileRef = 2D5C545E2CDECFB8002D0C0E /* HomeStore.swift */; };
		2D5C54652CDECFE0002D0C0E /* HMAccessory+Extensions.swift in Sources */ = {isa = PBXBuildFile; fileRef = 2D5C54642CDECFDD002D0C0E /* HMAccessory+Extensions.swift */; };
		2D5C54662CDECFE0002D0C0E /* HMAccessory+Extensions.swift in Sources */ = {isa = PBXBuildFile; fileRef = 2D5C54642CDECFDD002D0C0E /* HMAccessory+Extensions.swift */; };
		2D5C54682CDECFF9002D0C0E /* Light.swift in Sources */ = {isa = PBXBuildFile; fileRef = 2D5C54672CDECFF9002D0C0E /* Light.swift */; };
		2D5C54692CDECFF9002D0C0E /* Light.swift in Sources */ = {isa = PBXBuildFile; fileRef = 2D5C54672CDECFF9002D0C0E /* Light.swift */; };
		2D5C546B2CDED004002D0C0E /* LightControlView.swift in Sources */ = {isa = PBXBuildFile; fileRef = 2D5C546A2CDED004002D0C0E /* LightControlView.swift */; };
		2D5C546C2CDED004002D0C0E /* LightControlView.swift in Sources */ = {isa = PBXBuildFile; fileRef = 2D5C546A2CDED004002D0C0E /* LightControlView.swift */; };
		2D5C546E2CDED293002D0C0E /* Plug.swift in Sources */ = {isa = PBXBuildFile; fileRef = 2D5C546D2CDED293002D0C0E /* Plug.swift */; };
		2D5C546F2CDED293002D0C0E /* Plug.swift in Sources */ = {isa = PBXBuildFile; fileRef = 2D5C546D2CDED293002D0C0E /* Plug.swift */; };
		2D5C54712CDF0738002D0C0E /* AccessoryView.swift in Sources */ = {isa = PBXBuildFile; fileRef = 2D5C54702CDF0738002D0C0E /* AccessoryView.swift */; };
		2D5C54722CDF0738002D0C0E /* AccessoryView.swift in Sources */ = {isa = PBXBuildFile; fileRef = 2D5C54702CDF0738002D0C0E /* AccessoryView.swift */; };
		2D5C54742CDF0849002D0C0E /* ActionButton.swift in Sources */ = {isa = PBXBuildFile; fileRef = 2D5C54732CDF0849002D0C0E /* ActionButton.swift */; };
		2D5C54752CDF0849002D0C0E /* ActionButton.swift in Sources */ = {isa = PBXBuildFile; fileRef = 2D5C54732CDF0849002D0C0E /* ActionButton.swift */; };
		2DE3E1462C4CAF9100DC1D9D /* RealityKitContent in Frameworks */ = {isa = PBXBuildFile; productRef = 2DE3E1452C4CAF9100DC1D9D /* RealityKitContent */; };
/* End PBXBuildFile section */

/* Begin PBXContainerItemProxy section */
		2DE3E1562C4CAF9300DC1D9D /* PBXContainerItemProxy */ = {
			isa = PBXContainerItemProxy;
			containerPortal = 2DE3E1382C4CAF9100DC1D9D /* Project object */;
			proxyType = 1;
			remoteGlobalIDString = 2DE3E13F2C4CAF9100DC1D9D;
			remoteInfo = VisionHome;
		};
/* End PBXContainerItemProxy section */

/* Begin PBXFileReference section */
		2D5C544C2CDEC8B7002D0C0E /* Preview Assets.xcassets */ = {isa = PBXFileReference; lastKnownFileType = folder.assetcatalog; path = "Preview Assets.xcassets"; sourceTree = "<group>"; };
		2D5C544E2CDEC8B7002D0C0E /* Assets.xcassets */ = {isa = PBXFileReference; lastKnownFileType = folder.assetcatalog; path = Assets.xcassets; sourceTree = "<group>"; };
		2D5C544F2CDEC8B7002D0C0E /* ContentView.swift */ = {isa = PBXFileReference; lastKnownFileType = sourcecode.swift; path = ContentView.swift; sourceTree = "<group>"; };
		2D5C54502CDEC8B7002D0C0E /* Info.plist */ = {isa = PBXFileReference; lastKnownFileType = text.plist.xml; path = Info.plist; sourceTree = "<group>"; };
		2D5C54512CDEC8B7002D0C0E /* VisionHome.entitlements */ = {isa = PBXFileReference; lastKnownFileType = text.plist.entitlements; path = VisionHome.entitlements; sourceTree = "<group>"; };
		2D5C54522CDEC8B7002D0C0E /* VisionHomeApp.swift */ = {isa = PBXFileReference; lastKnownFileType = sourcecode.swift; path = VisionHomeApp.swift; sourceTree = "<group>"; };
		2D5C545E2CDECFB8002D0C0E /* HomeStore.swift */ = {isa = PBXFileReference; lastKnownFileType = sourcecode.swift; path = HomeStore.swift; sourceTree = "<group>"; };
		2D5C54642CDECFDD002D0C0E /* HMAccessory+Extensions.swift */ = {isa = PBXFileReference; lastKnownFileType = sourcecode.swift; path = "HMAccessory+Extensions.swift"; sourceTree = "<group>"; };
		2D5C54672CDECFF9002D0C0E /* Light.swift */ = {isa = PBXFileReference; lastKnownFileType = sourcecode.swift; path = Light.swift; sourceTree = "<group>"; };
		2D5C546A2CDED004002D0C0E /* LightControlView.swift */ = {isa = PBXFileReference; lastKnownFileType = sourcecode.swift; path = LightControlView.swift; sourceTree = "<group>"; };
		2D5C546D2CDED293002D0C0E /* Plug.swift */ = {isa = PBXFileReference; lastKnownFileType = sourcecode.swift; path = Plug.swift; sourceTree = "<group>"; };
		2D5C54702CDF0738002D0C0E /* AccessoryView.swift */ = {isa = PBXFileReference; lastKnownFileType = sourcecode.swift; path = AccessoryView.swift; sourceTree = "<group>"; };
		2D5C54732CDF0849002D0C0E /* ActionButton.swift */ = {isa = PBXFileReference; lastKnownFileType = sourcecode.swift; path = ActionButton.swift; sourceTree = "<group>"; };
		2DE3E1402C4CAF9100DC1D9D /* Abode.app */ = {isa = PBXFileReference; explicitFileType = wrapper.application; includeInIndex = 0; path = Abode.app; sourceTree = BUILT_PRODUCTS_DIR; };
		2DE3E1442C4CAF9100DC1D9D /* RealityKitContent */ = {isa = PBXFileReference; lastKnownFileType = wrapper; path = RealityKitContent; sourceTree = "<group>"; };
		2DE3E1552C4CAF9300DC1D9D /* AbodeTests.xctest */ = {isa = PBXFileReference; explicitFileType = wrapper.cfbundle; includeInIndex = 0; path = AbodeTests.xctest; sourceTree = BUILT_PRODUCTS_DIR; };
/* End PBXFileReference section */

/* Begin PBXFileSystemSynchronizedRootGroup section */
		2DE3E1582C4CAF9300DC1D9D /* VisionHomeTests */ = {isa = PBXFileSystemSynchronizedRootGroup; explicitFileTypes = {}; explicitFolders = (); path = VisionHomeTests; sourceTree = "<group>"; };
/* End PBXFileSystemSynchronizedRootGroup section */

/* Begin PBXFrameworksBuildPhase section */
		2DE3E13D2C4CAF9100DC1D9D /* Frameworks */ = {
			isa = PBXFrameworksBuildPhase;
			buildActionMask = 2147483647;
			files = (
				2DE3E1462C4CAF9100DC1D9D /* RealityKitContent in Frameworks */,
			);
			runOnlyForDeploymentPostprocessing = 0;
		};
		2DE3E1522C4CAF9300DC1D9D /* Frameworks */ = {
			isa = PBXFrameworksBuildPhase;
			buildActionMask = 2147483647;
			files = (
			);
			runOnlyForDeploymentPostprocessing = 0;
		};
/* End PBXFrameworksBuildPhase section */

/* Begin PBXGroup section */
		2D5C544D2CDEC8B7002D0C0E /* Preview Content */ = {
			isa = PBXGroup;
			children = (
				2D5C544C2CDEC8B7002D0C0E /* Preview Assets.xcassets */,
			);
			path = "Preview Content";
			sourceTree = "<group>";
		};
		2D5C54532CDEC8B7002D0C0E /* Abode */ = {
			isa = PBXGroup;
			children = (
				2D5C54642CDECFDD002D0C0E /* HMAccessory+Extensions.swift */,
				2D5C545E2CDECFB8002D0C0E /* HomeStore.swift */,
				2D5C544D2CDEC8B7002D0C0E /* Preview Content */,
				2D5C544E2CDEC8B7002D0C0E /* Assets.xcassets */,
				2D5C544F2CDEC8B7002D0C0E /* ContentView.swift */,
				2D5C54672CDECFF9002D0C0E /* Light.swift */,
				2D5C546D2CDED293002D0C0E /* Plug.swift */,
				2D5C546A2CDED004002D0C0E /* LightControlView.swift */,
				2D5C54702CDF0738002D0C0E /* AccessoryView.swift */,
				2D5C54732CDF0849002D0C0E /* ActionButton.swift */,
				2D5C54502CDEC8B7002D0C0E /* Info.plist */,
				2D5C54512CDEC8B7002D0C0E /* VisionHome.entitlements */,
				2D5C54522CDEC8B7002D0C0E /* VisionHomeApp.swift */,
			);
			path = Abode;
			sourceTree = "<group>";
		};
		2DE3E1372C4CAF9100DC1D9D = {
			isa = PBXGroup;
			children = (
				2D5C54532CDEC8B7002D0C0E /* Abode */,
				2DE3E1432C4CAF9100DC1D9D /* Packages */,
				2DE3E1582C4CAF9300DC1D9D /* VisionHomeTests */,
				2DE3E1412C4CAF9100DC1D9D /* Products */,
			);
			sourceTree = "<group>";
		};
		2DE3E1412C4CAF9100DC1D9D /* Products */ = {
			isa = PBXGroup;
			children = (
				2DE3E1402C4CAF9100DC1D9D /* Abode.app */,
				2DE3E1552C4CAF9300DC1D9D /* AbodeTests.xctest */,
			);
			name = Products;
			sourceTree = "<group>";
		};
		2DE3E1432C4CAF9100DC1D9D /* Packages */ = {
			isa = PBXGroup;
			children = (
				2DE3E1442C4CAF9100DC1D9D /* RealityKitContent */,
			);
			path = Packages;
			sourceTree = "<group>";
		};
/* End PBXGroup section */

/* Begin PBXNativeTarget section */
		2DE3E13F2C4CAF9100DC1D9D /* Abode */ = {
			isa = PBXNativeTarget;
			buildConfigurationList = 2DE3E15C2C4CAF9300DC1D9D /* Build configuration list for PBXNativeTarget "Abode" */;
			buildPhases = (
				2DE3E13C2C4CAF9100DC1D9D /* Sources */,
				2DE3E13D2C4CAF9100DC1D9D /* Frameworks */,
				2DE3E13E2C4CAF9100DC1D9D /* Resources */,
			);
			buildRules = (
			);
			dependencies = (
			);
			name = Abode;
			packageProductDependencies = (
				2DE3E1452C4CAF9100DC1D9D /* RealityKitContent */,
			);
			productName = VisionHome;
			productReference = 2DE3E1402C4CAF9100DC1D9D /* Abode.app */;
			productType = "com.apple.product-type.application";
		};
		2DE3E1542C4CAF9300DC1D9D /* AbodeTests */ = {
			isa = PBXNativeTarget;
			buildConfigurationList = 2DE3E1612C4CAF9300DC1D9D /* Build configuration list for PBXNativeTarget "AbodeTests" */;
			buildPhases = (
				2DE3E1512C4CAF9300DC1D9D /* Sources */,
				2DE3E1522C4CAF9300DC1D9D /* Frameworks */,
				2DE3E1532C4CAF9300DC1D9D /* Resources */,
			);
			buildRules = (
			);
			dependencies = (
				2DE3E1572C4CAF9300DC1D9D /* PBXTargetDependency */,
			);
			fileSystemSynchronizedGroups = (
				2DE3E1582C4CAF9300DC1D9D /* VisionHomeTests */,
			);
			name = AbodeTests;
			packageProductDependencies = (
			);
			productName = VisionHomeTests;
			productReference = 2DE3E1552C4CAF9300DC1D9D /* AbodeTests.xctest */;
			productType = "com.apple.product-type.bundle.unit-test";
		};
/* End PBXNativeTarget section */

/* Begin PBXProject section */
		2DE3E1382C4CAF9100DC1D9D /* Project object */ = {
			isa = PBXProject;
			attributes = {
				BuildIndependentTargetsInParallel = 1;
				LastSwiftUpdateCheck = 1600;
				LastUpgradeCheck = 1600;
				TargetAttributes = {
					2DE3E13F2C4CAF9100DC1D9D = {
						CreatedOnToolsVersion = 16.0;
					};
					2DE3E1542C4CAF9300DC1D9D = {
						CreatedOnToolsVersion = 16.0;
						TestTargetID = 2DE3E13F2C4CAF9100DC1D9D;
					};
				};
			};
			buildConfigurationList = 2DE3E13B2C4CAF9100DC1D9D /* Build configuration list for PBXProject "Abode" */;
			compatibilityVersion = "Xcode 15.0";
			developmentRegion = en;
			hasScannedForEncodings = 0;
			knownRegions = (
				en,
				Base,
			);
			mainGroup = 2DE3E1372C4CAF9100DC1D9D;
			productRefGroup = 2DE3E1412C4CAF9100DC1D9D /* Products */;
			projectDirPath = "";
			projectRoot = "";
			targets = (
				2DE3E13F2C4CAF9100DC1D9D /* Abode */,
				2DE3E1542C4CAF9300DC1D9D /* AbodeTests */,
			);
		};
/* End PBXProject section */

/* Begin PBXResourcesBuildPhase section */
		2DE3E13E2C4CAF9100DC1D9D /* Resources */ = {
			isa = PBXResourcesBuildPhase;
			buildActionMask = 2147483647;
			files = (
				2D5C545A2CDEC8B7002D0C0E /* Preview Assets.xcassets in Resources */,
				2D5C545B2CDEC8B7002D0C0E /* Assets.xcassets in Resources */,
			);
			runOnlyForDeploymentPostprocessing = 0;
		};
		2DE3E1532C4CAF9300DC1D9D /* Resources */ = {
			isa = PBXResourcesBuildPhase;
			buildActionMask = 2147483647;
			files = (
				2D5C54542CDEC8B7002D0C0E /* Info.plist in Resources */,
				2D5C54552CDEC8B7002D0C0E /* Preview Assets.xcassets in Resources */,
				2D5C54562CDEC8B7002D0C0E /* Assets.xcassets in Resources */,
			);
			runOnlyForDeploymentPostprocessing = 0;
		};
/* End PBXResourcesBuildPhase section */

/* Begin PBXSourcesBuildPhase section */
		2DE3E13C2C4CAF9100DC1D9D /* Sources */ = {
			isa = PBXSourcesBuildPhase;
			buildActionMask = 2147483647;
			files = (
				2D5C545C2CDEC8B7002D0C0E /* VisionHomeApp.swift in Sources */,
				2D5C546E2CDED293002D0C0E /* Plug.swift in Sources */,
				2D5C54692CDECFF9002D0C0E /* Light.swift in Sources */,
				2D5C54602CDECFB8002D0C0E /* HomeStore.swift in Sources */,
				2D5C54652CDECFE0002D0C0E /* HMAccessory+Extensions.swift in Sources */,
				2D5C54742CDF0849002D0C0E /* ActionButton.swift in Sources */,
				2D5C54722CDF0738002D0C0E /* AccessoryView.swift in Sources */,
				2D5C545D2CDEC8B7002D0C0E /* ContentView.swift in Sources */,
				2D5C546C2CDED004002D0C0E /* LightControlView.swift in Sources */,
			);
			runOnlyForDeploymentPostprocessing = 0;
		};
		2DE3E1512C4CAF9300DC1D9D /* Sources */ = {
			isa = PBXSourcesBuildPhase;
			buildActionMask = 2147483647;
			files = (
				2D5C54682CDECFF9002D0C0E /* Light.swift in Sources */,
				2D5C545F2CDECFB8002D0C0E /* HomeStore.swift in Sources */,
				2D5C54662CDECFE0002D0C0E /* HMAccessory+Extensions.swift in Sources */,
				2D5C54572CDEC8B7002D0C0E /* VisionHomeApp.swift in Sources */,
				2D5C54712CDF0738002D0C0E /* AccessoryView.swift in Sources */,
				2D5C546B2CDED004002D0C0E /* LightControlView.swift in Sources */,
				2D5C546F2CDED293002D0C0E /* Plug.swift in Sources */,
				2D5C54582CDEC8B7002D0C0E /* ContentView.swift in Sources */,
				2D5C54752CDF0849002D0C0E /* ActionButton.swift in Sources */,
			);
			runOnlyForDeploymentPostprocessing = 0;
		};
/* End PBXSourcesBuildPhase section */

/* Begin PBXTargetDependency section */
		2DE3E1572C4CAF9300DC1D9D /* PBXTargetDependency */ = {
			isa = PBXTargetDependency;
			target = 2DE3E13F2C4CAF9100DC1D9D /* Abode */;
			targetProxy = 2DE3E1562C4CAF9300DC1D9D /* PBXContainerItemProxy */;
		};
/* End PBXTargetDependency section */

/* Begin XCBuildConfiguration section */
		2DE3E15D2C4CAF9300DC1D9D /* Debug */ = {
			isa = XCBuildConfiguration;
			buildSettings = {
				ASSETCATALOG_COMPILER_APPICON_NAME = AppIcon;
				ASSETCATALOG_COMPILER_GLOBAL_ACCENT_COLOR_NAME = AccentColor;
				CODE_SIGN_ENTITLEMENTS = Abode/VisionHome.entitlements;
				CODE_SIGN_IDENTITY = "Apple Development";
				CODE_SIGN_STYLE = Automatic;
				CURRENT_PROJECT_VERSION = 1;
				DEVELOPMENT_ASSET_PATHS = "\"Abode/Preview Content\"";
				DEVELOPMENT_TEAM = 3ST82B3Y8M;
				ENABLE_PREVIEWS = YES;
				GENERATE_INFOPLIST_FILE = YES;
				INFOPLIST_FILE = "$(TARGET_NAME)/Info.plist";
				INFOPLIST_KEY_CFBundleDisplayName = Abode;
				INFOPLIST_KEY_NSHomeKitUsageDescription = "Control Home";
				LD_RUNPATH_SEARCH_PATHS = (
					"$(inherited)",
					"@executable_path/Frameworks",
				);
				MARKETING_VERSION = 1.0;
				PRODUCT_BUNDLE_IDENTIFIER = world.aethers.Abode;
				PRODUCT_NAME = "$(TARGET_NAME)";
				PROVISIONING_PROFILE_SPECIFIER = "";
				SUPPORTED_PLATFORMS = "xros xrsimulator";
				SWIFT_EMIT_LOC_STRINGS = YES;
				SWIFT_VERSION = 5.0;
				TARGETED_DEVICE_FAMILY = 7;
			};
			name = Debug;
		};
		2DE3E15E2C4CAF9300DC1D9D /* Release */ = {
			isa = XCBuildConfiguration;
			buildSettings = {
				ASSETCATALOG_COMPILER_APPICON_NAME = AppIcon;
				ASSETCATALOG_COMPILER_GLOBAL_ACCENT_COLOR_NAME = AccentColor;
				CODE_SIGN_ENTITLEMENTS = Abode/VisionHome.entitlements;
				CODE_SIGN_IDENTITY = "Apple Development";
				CODE_SIGN_STYLE = Automatic;
				CURRENT_PROJECT_VERSION = 1;
				DEVELOPMENT_ASSET_PATHS = "\"Abode/Preview Content\"";
				DEVELOPMENT_TEAM = 3ST82B3Y8M;
				ENABLE_PREVIEWS = YES;
				GENERATE_INFOPLIST_FILE = YES;
				INFOPLIST_FILE = "$(TARGET_NAME)/Info.plist";
				INFOPLIST_KEY_CFBundleDisplayName = Abode;
				INFOPLIST_KEY_NSHomeKitUsageDescription = "Control Home";
				LD_RUNPATH_SEARCH_PATHS = (
					"$(inherited)",
					"@executable_path/Frameworks",
				);
				MARKETING_VERSION = 1.0;
				PRODUCT_BUNDLE_IDENTIFIER = world.aethers.Abode;
				PRODUCT_NAME = "$(TARGET_NAME)";
				PROVISIONING_PROFILE_SPECIFIER = "";
				SUPPORTED_PLATFORMS = "xros xrsimulator";
				SWIFT_EMIT_LOC_STRINGS = YES;
				SWIFT_VERSION = 5.0;
				TARGETED_DEVICE_FAMILY = 7;
			};
			name = Release;
		};
		2DE3E15F2C4CAF9300DC1D9D /* Debug */ = {
			isa = XCBuildConfiguration;
			buildSettings = {
				ALWAYS_SEARCH_USER_PATHS = NO;
				ASSETCATALOG_COMPILER_GENERATE_SWIFT_ASSET_SYMBOL_EXTENSIONS = YES;
				CLANG_ANALYZER_NONNULL = YES;
				CLANG_ANALYZER_NUMBER_OBJECT_CONVERSION = YES_AGGRESSIVE;
				CLANG_CXX_LANGUAGE_STANDARD = "gnu++20";
				CLANG_ENABLE_MODULES = YES;
				CLANG_ENABLE_OBJC_ARC = YES;
				CLANG_ENABLE_OBJC_WEAK = YES;
				CLANG_WARN_BLOCK_CAPTURE_AUTORELEASING = YES;
				CLANG_WARN_BOOL_CONVERSION = YES;
				CLANG_WARN_COMMA = YES;
				CLANG_WARN_CONSTANT_CONVERSION = YES;
				CLANG_WARN_DEPRECATED_OBJC_IMPLEMENTATIONS = YES;
				CLANG_WARN_DIRECT_OBJC_ISA_USAGE = YES_ERROR;
				CLANG_WARN_DOCUMENTATION_COMMENTS = YES;
				CLANG_WARN_EMPTY_BODY = YES;
				CLANG_WARN_ENUM_CONVERSION = YES;
				CLANG_WARN_INFINITE_RECURSION = YES;
				CLANG_WARN_INT_CONVERSION = YES;
				CLANG_WARN_NON_LITERAL_NULL_CONVERSION = YES;
				CLANG_WARN_OBJC_IMPLICIT_RETAIN_SELF = YES;
				CLANG_WARN_OBJC_LITERAL_CONVERSION = YES;
				CLANG_WARN_OBJC_ROOT_CLASS = YES_ERROR;
				CLANG_WARN_QUOTED_INCLUDE_IN_FRAMEWORK_HEADER = YES;
				CLANG_WARN_RANGE_LOOP_ANALYSIS = YES;
				CLANG_WARN_STRICT_PROTOTYPES = YES;
				CLANG_WARN_SUSPICIOUS_MOVE = YES;
				CLANG_WARN_UNGUARDED_AVAILABILITY = YES_AGGRESSIVE;
				CLANG_WARN_UNREACHABLE_CODE = YES;
				CLANG_WARN__DUPLICATE_METHOD_MATCH = YES;
				COPY_PHASE_STRIP = NO;
				DEBUG_INFORMATION_FORMAT = dwarf;
				ENABLE_STRICT_OBJC_MSGSEND = YES;
				ENABLE_TESTABILITY = YES;
				ENABLE_USER_SCRIPT_SANDBOXING = YES;
				GCC_C_LANGUAGE_STANDARD = gnu17;
				GCC_DYNAMIC_NO_PIC = NO;
				GCC_NO_COMMON_BLOCKS = YES;
				GCC_OPTIMIZATION_LEVEL = 0;
				GCC_PREPROCESSOR_DEFINITIONS = (
					"DEBUG=1",
					"$(inherited)",
				);
				GCC_WARN_64_TO_32_BIT_CONVERSION = YES;
				GCC_WARN_ABOUT_RETURN_TYPE = YES_ERROR;
				GCC_WARN_UNDECLARED_SELECTOR = YES;
				GCC_WARN_UNINITIALIZED_AUTOS = YES_AGGRESSIVE;
				GCC_WARN_UNUSED_FUNCTION = YES;
				GCC_WARN_UNUSED_VARIABLE = YES;
				LOCALIZATION_PREFERS_STRING_CATALOGS = YES;
				MTL_ENABLE_DEBUG_INFO = INCLUDE_SOURCE;
				MTL_FAST_MATH = YES;
				ONLY_ACTIVE_ARCH = YES;
				SDKROOT = xros;
				SWIFT_ACTIVE_COMPILATION_CONDITIONS = "DEBUG $(inherited)";
				SWIFT_OPTIMIZATION_LEVEL = "-Onone";
				XROS_DEPLOYMENT_TARGET = 2.0;
			};
			name = Debug;
		};
		2DE3E1602C4CAF9300DC1D9D /* Release */ = {
			isa = XCBuildConfiguration;
			buildSettings = {
				ALWAYS_SEARCH_USER_PATHS = NO;
				ASSETCATALOG_COMPILER_GENERATE_SWIFT_ASSET_SYMBOL_EXTENSIONS = YES;
				CLANG_ANALYZER_NONNULL = YES;
				CLANG_ANALYZER_NUMBER_OBJECT_CONVERSION = YES_AGGRESSIVE;
				CLANG_CXX_LANGUAGE_STANDARD = "gnu++20";
				CLANG_ENABLE_MODULES = YES;
				CLANG_ENABLE_OBJC_ARC = YES;
				CLANG_ENABLE_OBJC_WEAK = YES;
				CLANG_WARN_BLOCK_CAPTURE_AUTORELEASING = YES;
				CLANG_WARN_BOOL_CONVERSION = YES;
				CLANG_WARN_COMMA = YES;
				CLANG_WARN_CONSTANT_CONVERSION = YES;
				CLANG_WARN_DEPRECATED_OBJC_IMPLEMENTATIONS = YES;
				CLANG_WARN_DIRECT_OBJC_ISA_USAGE = YES_ERROR;
				CLANG_WARN_DOCUMENTATION_COMMENTS = YES;
				CLANG_WARN_EMPTY_BODY = YES;
				CLANG_WARN_ENUM_CONVERSION = YES;
				CLANG_WARN_INFINITE_RECURSION = YES;
				CLANG_WARN_INT_CONVERSION = YES;
				CLANG_WARN_NON_LITERAL_NULL_CONVERSION = YES;
				CLANG_WARN_OBJC_IMPLICIT_RETAIN_SELF = YES;
				CLANG_WARN_OBJC_LITERAL_CONVERSION = YES;
				CLANG_WARN_OBJC_ROOT_CLASS = YES_ERROR;
				CLANG_WARN_QUOTED_INCLUDE_IN_FRAMEWORK_HEADER = YES;
				CLANG_WARN_RANGE_LOOP_ANALYSIS = YES;
				CLANG_WARN_STRICT_PROTOTYPES = YES;
				CLANG_WARN_SUSPICIOUS_MOVE = YES;
				CLANG_WARN_UNGUARDED_AVAILABILITY = YES_AGGRESSIVE;
				CLANG_WARN_UNREACHABLE_CODE = YES;
				CLANG_WARN__DUPLICATE_METHOD_MATCH = YES;
				COPY_PHASE_STRIP = NO;
				DEBUG_INFORMATION_FORMAT = "dwarf-with-dsym";
				ENABLE_NS_ASSERTIONS = NO;
				ENABLE_STRICT_OBJC_MSGSEND = YES;
				ENABLE_USER_SCRIPT_SANDBOXING = YES;
				GCC_C_LANGUAGE_STANDARD = gnu17;
				GCC_NO_COMMON_BLOCKS = YES;
				GCC_WARN_64_TO_32_BIT_CONVERSION = YES;
				GCC_WARN_ABOUT_RETURN_TYPE = YES_ERROR;
				GCC_WARN_UNDECLARED_SELECTOR = YES;
				GCC_WARN_UNINITIALIZED_AUTOS = YES_AGGRESSIVE;
				GCC_WARN_UNUSED_FUNCTION = YES;
				GCC_WARN_UNUSED_VARIABLE = YES;
				LOCALIZATION_PREFERS_STRING_CATALOGS = YES;
				MTL_ENABLE_DEBUG_INFO = NO;
				MTL_FAST_MATH = YES;
				SDKROOT = xros;
				SWIFT_COMPILATION_MODE = wholemodule;
				VALIDATE_PRODUCT = YES;
				XROS_DEPLOYMENT_TARGET = 2.0;
			};
			name = Release;
		};
		2DE3E1622C4CAF9300DC1D9D /* Debug */ = {
			isa = XCBuildConfiguration;
			buildSettings = {
				BUNDLE_LOADER = "$(TEST_HOST)";
				CODE_SIGN_STYLE = Automatic;
				CURRENT_PROJECT_VERSION = 1;
				DEVELOPMENT_TEAM = 3ST82B3Y8M;
				GENERATE_INFOPLIST_FILE = YES;
				MARKETING_VERSION = 1.0;
				PRODUCT_BUNDLE_IDENTIFIER = world.aethers.VisionHomeTests;
				PRODUCT_NAME = "$(TARGET_NAME)";
				SUPPORTED_PLATFORMS = "xros xrsimulator";
				SWIFT_EMIT_LOC_STRINGS = NO;
				SWIFT_VERSION = 5.0;
				TARGETED_DEVICE_FAMILY = 7;
				TEST_HOST = "$(BUILT_PRODUCTS_DIR)/VisionHome.app/$(BUNDLE_EXECUTABLE_FOLDER_PATH)/VisionHome";
				XROS_DEPLOYMENT_TARGET = 2.0;
			};
			name = Debug;
		};
		2DE3E1632C4CAF9300DC1D9D /* Release */ = {
			isa = XCBuildConfiguration;
			buildSettings = {
				BUNDLE_LOADER = "$(TEST_HOST)";
				CODE_SIGN_STYLE = Automatic;
				CURRENT_PROJECT_VERSION = 1;
				DEVELOPMENT_TEAM = 3ST82B3Y8M;
				GENERATE_INFOPLIST_FILE = YES;
				MARKETING_VERSION = 1.0;
				PRODUCT_BUNDLE_IDENTIFIER = world.aethers.VisionHomeTests;
				PRODUCT_NAME = "$(TARGET_NAME)";
				SUPPORTED_PLATFORMS = "xros xrsimulator";
				SWIFT_EMIT_LOC_STRINGS = NO;
				SWIFT_VERSION = 5.0;
				TARGETED_DEVICE_FAMILY = 7;
				TEST_HOST = "$(BUILT_PRODUCTS_DIR)/VisionHome.app/$(BUNDLE_EXECUTABLE_FOLDER_PATH)/VisionHome";
				XROS_DEPLOYMENT_TARGET = 2.0;
			};
			name = Release;
		};
/* End XCBuildConfiguration section */

/* Begin XCConfigurationList section */
		2DE3E13B2C4CAF9100DC1D9D /* Build configuration list for PBXProject "Abode" */ = {
			isa = XCConfigurationList;
			buildConfigurations = (
				2DE3E15F2C4CAF9300DC1D9D /* Debug */,
				2DE3E1602C4CAF9300DC1D9D /* Release */,
			);
			defaultConfigurationIsVisible = 0;
			defaultConfigurationName = Release;
		};
		2DE3E15C2C4CAF9300DC1D9D /* Build configuration list for PBXNativeTarget "Abode" */ = {
			isa = XCConfigurationList;
			buildConfigurations = (
				2DE3E15D2C4CAF9300DC1D9D /* Debug */,
				2DE3E15E2C4CAF9300DC1D9D /* Release */,
			);
			defaultConfigurationIsVisible = 0;
			defaultConfigurationName = Release;
		};
		2DE3E1612C4CAF9300DC1D9D /* Build configuration list for PBXNativeTarget "AbodeTests" */ = {
			isa = XCConfigurationList;
			buildConfigurations = (
				2DE3E1622C4CAF9300DC1D9D /* Debug */,
				2DE3E1632C4CAF9300DC1D9D /* Release */,
			);
			defaultConfigurationIsVisible = 0;
			defaultConfigurationName = Release;
		};
/* End XCConfigurationList section */

/* Begin XCSwiftPackageProductDependency section */
		2DE3E1452C4CAF9100DC1D9D /* RealityKitContent */ = {
			isa = XCSwiftPackageProductDependency;
			productName = RealityKitContent;
		};
/* End XCSwiftPackageProductDependency section */
	};
	rootObject = 2DE3E1382C4CAF9100DC1D9D /* Project object */;
}
